
Microsoft Visual Studio Solution File, Format Version 12.00
# Visual Studio Version 17
VisualStudioVersion = 17.14.36414.22
MinimumVisualStudioVersion = 10.0.40219.1
Project("{FAE04EC0-301F-11D3-BF4B-00C04F79EFBC}") = "task-management-system", "task-management-system\task-management-system.csproj", "{B5B013D3-88A3-4F18-9E37-820B2646C3A4}"
EndProject
Global
	GlobalSection(SolutionConfigurationPlatforms) = preSolution
		Debug|Any CPU = Debug|Any CPU
		Release|Any CPU = Release|Any CPU
	EndGlobalSection
	GlobalSection(ProjectConfigurationPlatforms) = postSolution
		{B5B013D3-88A3-4F18-9E37-820B2646C3A4}.Debug|Any CPU.ActiveCfg = Debug|Any CPU
		{B5B013D3-88A3-4F18-9E37-820B2646C3A4}.Debug|Any CPU.Build.0 = Debug|Any CPU
		{B5B013D3-88A3-4F18-9E37-820B2646C3A4}.Release|Any CPU.ActiveCfg = Release|Any CPU
		{B5B013D3-88A3-4F18-9E37-820B2646C3A4}.Release|Any CPU.Build.0 = Release|Any CPU
	EndGlobalSection
	GlobalSection(SolutionProperties) = preSolution
		HideSolutionNode = FALSE
	EndGlobalSection
	GlobalSection(ExtensibilityGlobals) = postSolution
		SolutionGuid = {E44721BA-A8EC-428B-B770-7FDC611545C4}
	EndGlobalSection
EndGlobal
